
Microsoft Visual Studio Solution File, Format Version 12.00
# Visual Studio Version 17
VisualStudioVersion = 17.0.31903.59
MinimumVisualStudioVersion = 10.0.40219.1
Project("{2150E333-8FDC-42A3-9474-1A3956D46DE8}") = "apps", "apps", "{1787FE1D-075E-9E68-7218-25F1BD1BBEAB}"
EndProject
Project("{FAE04EC0-301F-11D3-BF4B-00C04F79EFBC}") = "IntelliFin.ApiGateway", "apps\IntelliFin.ApiGateway\IntelliFin.ApiGateway.csproj", "{A1EDFA16-C727-4F88-815B-4F24D14F71F0}"
EndProject
Project("{FAE04EC0-301F-11D3-BF4B-00C04F79EFBC}") = "IntelliFin.IdentityService", "apps\IntelliFin.IdentityService\IntelliFin.IdentityService.csproj", "{94B043E8-FD9F-439D-9108-58656FA55EC0}"
EndProject
Project("{FAE04EC0-301F-11D3-BF4B-00C04F79EFBC}") = "IntelliFin.ClientManagement", "apps\IntelliFin.ClientManagement\IntelliFin.ClientManagement.csproj", "{4697F5BD-3643-4563-BF32-1F5D03CBAB2E}"
EndProject
Project("{FAE04EC0-301F-11D3-BF4B-00C04F79EFBC}") = "IntelliFin.LoanOrigination", "apps\IntelliFin.LoanOrigination\IntelliFin.LoanOrigination.csproj", "{8B749B55-78E7-4AFF-B8F0-F49655758C31}"
EndProject
Project("{FAE04EC0-301F-11D3-BF4B-00C04F79EFBC}") = "IntelliFin.CreditBureau", "apps\IntelliFin.CreditBureau\IntelliFin.CreditBureau.csproj", "{75D81748-DEED-436B-877C-7A0DB5F358BF}"
EndProject
Project("{FAE04EC0-301F-11D3-BF4B-00C04F79EFBC}") = "IntelliFin.GeneralLedger", "apps\IntelliFin.GeneralLedger\IntelliFin.GeneralLedger.csproj", "{1339F773-3836-4E88-8978-958DAAD01B6C}"
EndProject
Project("{FAE04EC0-301F-11D3-BF4B-00C04F79EFBC}") = "IntelliFin.PmecService", "apps\IntelliFin.PmecService\IntelliFin.PmecService.csproj", "{F75E4115-6F90-411E-B928-ACB6467A7908}"
EndProject
Project("{FAE04EC0-301F-11D3-BF4B-00C04F79EFBC}") = "IntelliFin.Collections", "apps\IntelliFin.Collections\IntelliFin.Collections.csproj", "{EFD9E672-03EB-4585-ABBF-3741667E6EE1}"
EndProject
Project("{FAE04EC0-301F-11D3-BF4B-00C04F79EFBC}") = "IntelliFin.Communications", "apps\IntelliFin.Communications\IntelliFin.Communications.csproj", "{2F73A6D5-5363-4288-81F0-848B4AF5C5EB}"
EndProject
Project("{FAE04EC0-301F-11D3-BF4B-00C04F79EFBC}") = "IntelliFin.Reporting", "apps\IntelliFin.Reporting\IntelliFin.Reporting.csproj", "{174227B5-6EED-4E8A-8B96-5B1457B46D1D}"
EndProject
Project("{FAE04EC0-301F-11D3-BF4B-00C04F79EFBC}") = "IntelliFin.OfflineSync", "apps\IntelliFin.OfflineSync\IntelliFin.OfflineSync.csproj", "{445002EC-800B-451A-88E8-87C68B276223}"
EndProject
Project("{FAE04EC0-301F-11D3-BF4B-00C04F79EFBC}") = "IntelliFin.FinancialService", "apps\IntelliFin.FinancialService\IntelliFin.FinancialService.csproj", "{B9F9C6D8-3E5F-4F0B-9C4D-2E6F7G8C9D0E}"
EndProject
Project("{FAE04EC0-301F-11D3-BF4B-00C04F79EFBC}") = "IntelliFin.FinancialService.Tests", "tests\IntelliFin.FinancialService.Tests\IntelliFin.FinancialService.Tests.csproj", "{C0G0D7E9-4F6G-5G1C-0D5E-3F7G8H9D1F0G}"
EndProject
Project("{FAE04EC0-301F-11D3-BF4B-00C04F79EFBC}") = "IntelliFin.Desktop.OfflineCenter", "apps\IntelliFin.Desktop.OfflineCenter\IntelliFin.Desktop.OfflineCenter.csproj", "{D1H1E8F0-5G7H-6H2D-1E6F-4G8H9I0E2G1H}"
EndProject
Project("{2150E333-8FDC-42A3-9474-1A3956D46DE8}") = "libs", "libs", "{6C4D298B-81FB-2B6B-5AB6-46205EDDC72C}"
EndProject
Project("{FAE04EC0-301F-11D3-BF4B-00C04F79EFBC}") = "IntelliFin.Shared.DomainModels", "libs\IntelliFin.Shared.DomainModels\IntelliFin.Shared.DomainModels.csproj", "{9BD123B1-7D87-41C7-A04E-FE21B90192C6}"
EndProject
Project("{FAE04EC0-301F-11D3-BF4B-00C04F79EFBC}") = "IntelliFin.Shared.Infrastructure", "libs\IntelliFin.Shared.Infrastructure\IntelliFin.Shared.Infrastructure.csproj", "{C64A3821-2D26-4999-BD90-FD1B40D10918}"
EndProject
Project("{FAE04EC0-301F-11D3-BF4B-00C04F79EFBC}") = "IntelliFin.Shared.Authentication", "libs\IntelliFin.Shared.Authentication\IntelliFin.Shared.Authentication.csproj", "{E2B88324-5DF7-4366-922C-E66AB7732506}"
EndProject
Project("{FAE04EC0-301F-11D3-BF4B-00C04F79EFBC}") = "IntelliFin.Shared.Logging", "libs\IntelliFin.Shared.Logging\IntelliFin.Shared.Logging.csproj", "{1A8C08A4-FBB9-4E35-B165-73CEC33AC16E}"
EndProject
Project("{FAE04EC0-301F-11D3-BF4B-00C04F79EFBC}") = "IntelliFin.Shared.Validation", "libs\IntelliFin.Shared.Validation\IntelliFin.Shared.Validation.csproj", "{C49F2291-DB58-4E84-905D-3AB7547F6079}"
EndProject
Project("{FAE04EC0-301F-11D3-BF4B-00C04F79EFBC}") = "IntelliFin.Shared.UI", "libs\IntelliFin.Shared.UI\IntelliFin.Shared.UI.csproj", "{091B27BF-DA28-486A-B053-346CD88EDB84}"
EndProject
Project("{2150E333-8FDC-42A3-9474-1A3956D46DE8}") = "tests", "tests", "{0AB3BF05-4346-4AA6-1389-037BE0695223}"
EndProject
Project("{FAE04EC0-301F-11D3-BF4B-00C04F79EFBC}") = "IntelliFin.Tests.Unit", "tests\IntelliFin.Tests.Unit\IntelliFin.Tests.Unit.csproj", "{6F14122A-E8C3-47C7-B4E2-8C16C1819276}"
EndProject
Project("{FAE04EC0-301F-11D3-BF4B-00C04F79EFBC}") = "IntelliFin.Tests.Integration", "tests\IntelliFin.Tests.Integration\IntelliFin.Tests.Integration.csproj", "{6F41AF57-3D99-4B96-9164-96495CD87928}"
EndProject
Project("{FAE04EC0-301F-11D3-BF4B-00C04F79EFBC}") = "IntelliFin.Tests.E2E", "tests\IntelliFin.Tests.E2E\IntelliFin.Tests.E2E.csproj", "{8E42B7CD-D52C-4DCE-8ED7-8ED517AEDC89}"
EndProject
Global
	GlobalSection(SolutionConfigurationPlatforms) = preSolution
		Debug|Any CPU = Debug|Any CPU
		Debug|x64 = Debug|x64
		Debug|x86 = Debug|x86
		Release|Any CPU = Release|Any CPU
		Release|x64 = Release|x64
		Release|x86 = Release|x86
	EndGlobalSection
	GlobalSection(ProjectConfigurationPlatforms) = postSolution
		{A1EDFA16-C727-4F88-815B-4F24D14F71F0}.Debug|Any CPU.ActiveCfg = Debug|Any CPU
		{A1EDFA16-C727-4F88-815B-4F24D14F71F0}.Debug|Any CPU.Build.0 = Debug|Any CPU
		{A1EDFA16-C727-4F88-815B-4F24D14F71F0}.Debug|x64.ActiveCfg = Debug|Any CPU
		{A1EDFA16-C727-4F88-815B-4F24D14F71F0}.Debug|x64.Build.0 = Debug|Any CPU
		{A1EDFA16-C727-4F88-815B-4F24D14F71F0}.Debug|x86.ActiveCfg = Debug|Any CPU
		{A1EDFA16-C727-4F88-815B-4F24D14F71F0}.Debug|x86.Build.0 = Debug|Any CPU
		{A1EDFA16-C727-4F88-815B-4F24D14F71F0}.Release|Any CPU.ActiveCfg = Release|Any CPU
		{A1EDFA16-C727-4F88-815B-4F24D14F71F0}.Release|Any CPU.Build.0 = Release|Any CPU
		{A1EDFA16-C727-4F88-815B-4F24D14F71F0}.Release|x64.ActiveCfg = Release|Any CPU
		{A1EDFA16-C727-4F88-815B-4F24D14F71F0}.Release|x64.Build.0 = Release|Any CPU
		{A1EDFA16-C727-4F88-815B-4F24D14F71F0}.Release|x86.ActiveCfg = Release|Any CPU
		{A1EDFA16-C727-4F88-815B-4F24D14F71F0}.Release|x86.Build.0 = Release|Any CPU
		{94B043E8-FD9F-439D-9108-58656FA55EC0}.Debug|Any CPU.ActiveCfg = Debug|Any CPU
		{94B043E8-FD9F-439D-9108-58656FA55EC0}.Debug|Any CPU.Build.0 = Debug|Any CPU
		{94B043E8-FD9F-439D-9108-58656FA55EC0}.Debug|x64.ActiveCfg = Debug|Any CPU
		{94B043E8-FD9F-439D-9108-58656FA55EC0}.Debug|x64.Build.0 = Debug|Any CPU
		{94B043E8-FD9F-439D-9108-58656FA55EC0}.Debug|x86.ActiveCfg = Debug|Any CPU
		{94B043E8-FD9F-439D-9108-58656FA55EC0}.Debug|x86.Build.0 = Debug|Any CPU
		{94B043E8-FD9F-439D-9108-58656FA55EC0}.Release|Any CPU.ActiveCfg = Release|Any CPU
		{94B043E8-FD9F-439D-9108-58656FA55EC0}.Release|Any CPU.Build.0 = Release|Any CPU
		{94B043E8-FD9F-439D-9108-58656FA55EC0}.Release|x64.ActiveCfg = Release|Any CPU
		{94B043E8-FD9F-439D-9108-58656FA55EC0}.Release|x64.Build.0 = Release|Any CPU
		{94B043E8-FD9F-439D-9108-58656FA55EC0}.Release|x86.ActiveCfg = Release|Any CPU
		{94B043E8-FD9F-439D-9108-58656FA55EC0}.Release|x86.Build.0 = Release|Any CPU
		{4697F5BD-3643-4563-BF32-1F5D03CBAB2E}.Debug|Any CPU.ActiveCfg = Debug|Any CPU
		{4697F5BD-3643-4563-BF32-1F5D03CBAB2E}.Debug|Any CPU.Build.0 = Debug|Any CPU
		{4697F5BD-3643-4563-BF32-1F5D03CBAB2E}.Debug|x64.ActiveCfg = Debug|Any CPU
		{4697F5BD-3643-4563-BF32-1F5D03CBAB2E}.Debug|x64.Build.0 = Debug|Any CPU
		{4697F5BD-3643-4563-BF32-1F5D03CBAB2E}.Debug|x86.ActiveCfg = Debug|Any CPU
		{4697F5BD-3643-4563-BF32-1F5D03CBAB2E}.Debug|x86.Build.0 = Debug|Any CPU
		{4697F5BD-3643-4563-BF32-1F5D03CBAB2E}.Release|Any CPU.ActiveCfg = Release|Any CPU
		{4697F5BD-3643-4563-BF32-1F5D03CBAB2E}.Release|Any CPU.Build.0 = Release|Any CPU
		{4697F5BD-3643-4563-BF32-1F5D03CBAB2E}.Release|x64.ActiveCfg = Release|Any CPU
		{4697F5BD-3643-4563-BF32-1F5D03CBAB2E}.Release|x64.Build.0 = Release|Any CPU
		{4697F5BD-3643-4563-BF32-1F5D03CBAB2E}.Release|x86.ActiveCfg = Release|Any CPU
		{4697F5BD-3643-4563-BF32-1F5D03CBAB2E}.Release|x86.Build.0 = Release|Any CPU
		{8B749B55-78E7-4AFF-B8F0-F49655758C31}.Debug|Any CPU.ActiveCfg = Debug|Any CPU
		{8B749B55-78E7-4AFF-B8F0-F49655758C31}.Debug|Any CPU.Build.0 = Debug|Any CPU
		{8B749B55-78E7-4AFF-B8F0-F49655758C31}.Debug|x64.ActiveCfg = Debug|Any CPU
		{8B749B55-78E7-4AFF-B8F0-F49655758C31}.Debug|x64.Build.0 = Debug|Any CPU
		{8B749B55-78E7-4AFF-B8F0-F49655758C31}.Debug|x86.ActiveCfg = Debug|Any CPU
		{8B749B55-78E7-4AFF-B8F0-F49655758C31}.Debug|x86.Build.0 = Debug|Any CPU
		{8B749B55-78E7-4AFF-B8F0-F49655758C31}.Release|Any CPU.ActiveCfg = Release|Any CPU
		{8B749B55-78E7-4AFF-B8F0-F49655758C31}.Release|Any CPU.Build.0 = Release|Any CPU
		{8B749B55-78E7-4AFF-B8F0-F49655758C31}.Release|x64.ActiveCfg = Release|Any CPU
		{8B749B55-78E7-4AFF-B8F0-F49655758C31}.Release|x64.Build.0 = Release|Any CPU
		{8B749B55-78E7-4AFF-B8F0-F49655758C31}.Release|x86.ActiveCfg = Release|Any CPU
		{8B749B55-78E7-4AFF-B8F0-F49655758C31}.Release|x86.Build.0 = Release|Any CPU
		{75D81748-DEED-436B-877C-7A0DB5F358BF}.Debug|Any CPU.ActiveCfg = Debug|Any CPU
		{75D81748-DEED-436B-877C-7A0DB5F358BF}.Debug|Any CPU.Build.0 = Debug|Any CPU
		{75D81748-DEED-436B-877C-7A0DB5F358BF}.Debug|x64.ActiveCfg = Debug|Any CPU
		{75D81748-DEED-436B-877C-7A0DB5F358BF}.Debug|x64.Build.0 = Debug|Any CPU
		{75D81748-DEED-436B-877C-7A0DB5F358BF}.Debug|x86.ActiveCfg = Debug|Any CPU
		{75D81748-DEED-436B-877C-7A0DB5F358BF}.Debug|x86.Build.0 = Debug|Any CPU
		{75D81748-DEED-436B-877C-7A0DB5F358BF}.Release|Any CPU.ActiveCfg = Release|Any CPU
		{75D81748-DEED-436B-877C-7A0DB5F358BF}.Release|Any CPU.Build.0 = Release|Any CPU
		{75D81748-DEED-436B-877C-7A0DB5F358BF}.Release|x64.ActiveCfg = Release|Any CPU
		{75D81748-DEED-436B-877C-7A0DB5F358BF}.Release|x64.Build.0 = Release|Any CPU
		{75D81748-DEED-436B-877C-7A0DB5F358BF}.Release|x86.ActiveCfg = Release|Any CPU
		{75D81748-DEED-436B-877C-7A0DB5F358BF}.Release|x86.Build.0 = Release|Any CPU
		{1339F773-3836-4E88-8978-958DAAD01B6C}.Debug|Any CPU.ActiveCfg = Debug|Any CPU
		{1339F773-3836-4E88-8978-958DAAD01B6C}.Debug|Any CPU.Build.0 = Debug|Any CPU
		{1339F773-3836-4E88-8978-958DAAD01B6C}.Debug|x64.ActiveCfg = Debug|Any CPU
		{1339F773-3836-4E88-8978-958DAAD01B6C}.Debug|x64.Build.0 = Debug|Any CPU
		{1339F773-3836-4E88-8978-958DAAD01B6C}.Debug|x86.ActiveCfg = Debug|Any CPU
		{1339F773-3836-4E88-8978-958DAAD01B6C}.Debug|x86.Build.0 = Debug|Any CPU
		{1339F773-3836-4E88-8978-958DAAD01B6C}.Release|Any CPU.ActiveCfg = Release|Any CPU
		{1339F773-3836-4E88-8978-958DAAD01B6C}.Release|Any CPU.Build.0 = Release|Any CPU
		{1339F773-3836-4E88-8978-958DAAD01B6C}.Release|x64.ActiveCfg = Release|Any CPU
		{1339F773-3836-4E88-8978-958DAAD01B6C}.Release|x64.Build.0 = Release|Any CPU
		{1339F773-3836-4E88-8978-958DAAD01B6C}.Release|x86.ActiveCfg = Release|Any CPU
		{1339F773-3836-4E88-8978-958DAAD01B6C}.Release|x86.Build.0 = Release|Any CPU
		{F75E4115-6F90-411E-B928-ACB6467A7908}.Debug|Any CPU.ActiveCfg = Debug|Any CPU
		{F75E4115-6F90-411E-B928-ACB6467A7908}.Debug|Any CPU.Build.0 = Debug|Any CPU
		{F75E4115-6F90-411E-B928-ACB6467A7908}.Debug|x64.ActiveCfg = Debug|Any CPU
		{F75E4115-6F90-411E-B928-ACB6467A7908}.Debug|x64.Build.0 = Debug|Any CPU
		{F75E4115-6F90-411E-B928-ACB6467A7908}.Debug|x86.ActiveCfg = Debug|Any CPU
		{F75E4115-6F90-411E-B928-ACB6467A7908}.Debug|x86.Build.0 = Debug|Any CPU
		{F75E4115-6F90-411E-B928-ACB6467A7908}.Release|Any CPU.ActiveCfg = Release|Any CPU
		{F75E4115-6F90-411E-B928-ACB6467A7908}.Release|Any CPU.Build.0 = Release|Any CPU
		{F75E4115-6F90-411E-B928-ACB6467A7908}.Release|x64.ActiveCfg = Release|Any CPU
		{F75E4115-6F90-411E-B928-ACB6467A7908}.Release|x64.Build.0 = Release|Any CPU
		{F75E4115-6F90-411E-B928-ACB6467A7908}.Release|x86.ActiveCfg = Release|Any CPU
		{F75E4115-6F90-411E-B928-ACB6467A7908}.Release|x86.Build.0 = Release|Any CPU
		{EFD9E672-03EB-4585-ABBF-3741667E6EE1}.Debug|Any CPU.ActiveCfg = Debug|Any CPU
		{EFD9E672-03EB-4585-ABBF-3741667E6EE1}.Debug|Any CPU.Build.0 = Debug|Any CPU
		{EFD9E672-03EB-4585-ABBF-3741667E6EE1}.Debug|x64.ActiveCfg = Debug|Any CPU
		{EFD9E672-03EB-4585-ABBF-3741667E6EE1}.Debug|x64.Build.0 = Debug|Any CPU
		{EFD9E672-03EB-4585-ABBF-3741667E6EE1}.Debug|x86.ActiveCfg = Debug|Any CPU
		{EFD9E672-03EB-4585-ABBF-3741667E6EE1}.Debug|x86.Build.0 = Debug|Any CPU
		{EFD9E672-03EB-4585-ABBF-3741667E6EE1}.Release|Any CPU.ActiveCfg = Release|Any CPU
		{EFD9E672-03EB-4585-ABBF-3741667E6EE1}.Release|Any CPU.Build.0 = Release|Any CPU
		{EFD9E672-03EB-4585-ABBF-3741667E6EE1}.Release|x64.ActiveCfg = Release|Any CPU
		{EFD9E672-03EB-4585-ABBF-3741667E6EE1}.Release|x64.Build.0 = Release|Any CPU
		{EFD9E672-03EB-4585-ABBF-3741667E6EE1}.Release|x86.ActiveCfg = Release|Any CPU
		{EFD9E672-03EB-4585-ABBF-3741667E6EE1}.Release|x86.Build.0 = Release|Any CPU
		{2F73A6D5-5363-4288-81F0-848B4AF5C5EB}.Debug|Any CPU.ActiveCfg = Debug|Any CPU
		{2F73A6D5-5363-4288-81F0-848B4AF5C5EB}.Debug|Any CPU.Build.0 = Debug|Any CPU
		{2F73A6D5-5363-4288-81F0-848B4AF5C5EB}.Debug|x64.ActiveCfg = Debug|Any CPU
		{2F73A6D5-5363-4288-81F0-848B4AF5C5EB}.Debug|x64.Build.0 = Debug|Any CPU
		{2F73A6D5-5363-4288-81F0-848B4AF5C5EB}.Debug|x86.ActiveCfg = Debug|Any CPU
		{2F73A6D5-5363-4288-81F0-848B4AF5C5EB}.Debug|x86.Build.0 = Debug|Any CPU
		{2F73A6D5-5363-4288-81F0-848B4AF5C5EB}.Release|Any CPU.ActiveCfg = Release|Any CPU
		{2F73A6D5-5363-4288-81F0-848B4AF5C5EB}.Release|Any CPU.Build.0 = Release|Any CPU
		{2F73A6D5-5363-4288-81F0-848B4AF5C5EB}.Release|x64.ActiveCfg = Release|Any CPU
		{2F73A6D5-5363-4288-81F0-848B4AF5C5EB}.Release|x64.Build.0 = Release|Any CPU
		{2F73A6D5-5363-4288-81F0-848B4AF5C5EB}.Release|x86.ActiveCfg = Release|Any CPU
		{2F73A6D5-5363-4288-81F0-848B4AF5C5EB}.Release|x86.Build.0 = Release|Any CPU
		{174227B5-6EED-4E8A-8B96-5B1457B46D1D}.Debug|Any CPU.ActiveCfg = Debug|Any CPU
		{174227B5-6EED-4E8A-8B96-5B1457B46D1D}.Debug|Any CPU.Build.0 = Debug|Any CPU
		{174227B5-6EED-4E8A-8B96-5B1457B46D1D}.Debug|x64.ActiveCfg = Debug|Any CPU
		{174227B5-6EED-4E8A-8B96-5B1457B46D1D}.Debug|x64.Build.0 = Debug|Any CPU
		{174227B5-6EED-4E8A-8B96-5B1457B46D1D}.Debug|x86.ActiveCfg = Debug|Any CPU
		{174227B5-6EED-4E8A-8B96-5B1457B46D1D}.Debug|x86.Build.0 = Debug|Any CPU
		{174227B5-6EED-4E8A-8B96-5B1457B46D1D}.Release|Any CPU.ActiveCfg = Release|Any CPU
		{174227B5-6EED-4E8A-8B96-5B1457B46D1D}.Release|Any CPU.Build.0 = Release|Any CPU
		{174227B5-6EED-4E8A-8B96-5B1457B46D1D}.Release|x64.ActiveCfg = Release|Any CPU
		{174227B5-6EED-4E8A-8B96-5B1457B46D1D}.Release|x64.Build.0 = Release|Any CPU
		{174227B5-6EED-4E8A-8B96-5B1457B46D1D}.Release|x86.ActiveCfg = Release|Any CPU
		{174227B5-6EED-4E8A-8B96-5B1457B46D1D}.Release|x86.Build.0 = Release|Any CPU
		{445002EC-800B-451A-88E8-87C68B276223}.Debug|Any CPU.ActiveCfg = Debug|Any CPU
		{445002EC-800B-451A-88E8-87C68B276223}.Debug|Any CPU.Build.0 = Debug|Any CPU
		{445002EC-800B-451A-88E8-87C68B276223}.Debug|x64.ActiveCfg = Debug|Any CPU
		{445002EC-800B-451A-88E8-87C68B276223}.Debug|x64.Build.0 = Debug|Any CPU
		{445002EC-800B-451A-88E8-87C68B276223}.Debug|x86.ActiveCfg = Debug|Any CPU
		{445002EC-800B-451A-88E8-87C68B276223}.Debug|x86.Build.0 = Debug|Any CPU
		{445002EC-800B-451A-88E8-87C68B276223}.Release|Any CPU.ActiveCfg = Release|Any CPU
		{445002EC-800B-451A-88E8-87C68B276223}.Release|Any CPU.Build.0 = Release|Any CPU
		{445002EC-800B-451A-88E8-87C68B276223}.Release|x64.ActiveCfg = Release|Any CPU
		{445002EC-800B-451A-88E8-87C68B276223}.Release|x64.Build.0 = Release|Any CPU
		{445002EC-800B-451A-88E8-87C68B276223}.Release|x86.ActiveCfg = Release|Any CPU
		{445002EC-800B-451A-88E8-87C68B276223}.Release|x86.Build.0 = Release|Any CPU
		{9BD123B1-7D87-41C7-A04E-FE21B90192C6}.Debug|Any CPU.ActiveCfg = Debug|Any CPU
		{9BD123B1-7D87-41C7-A04E-FE21B90192C6}.Debug|Any CPU.Build.0 = Debug|Any CPU
		{9BD123B1-7D87-41C7-A04E-FE21B90192C6}.Debug|x64.ActiveCfg = Debug|Any CPU
		{9BD123B1-7D87-41C7-A04E-FE21B90192C6}.Debug|x64.Build.0 = Debug|Any CPU
		{9BD123B1-7D87-41C7-A04E-FE21B90192C6}.Debug|x86.ActiveCfg = Debug|Any CPU
		{9BD123B1-7D87-41C7-A04E-FE21B90192C6}.Debug|x86.Build.0 = Debug|Any CPU
		{9BD123B1-7D87-41C7-A04E-FE21B90192C6}.Release|Any CPU.ActiveCfg = Release|Any CPU
		{9BD123B1-7D87-41C7-A04E-FE21B90192C6}.Release|Any CPU.Build.0 = Release|Any CPU
		{9BD123B1-7D87-41C7-A04E-FE21B90192C6}.Release|x64.ActiveCfg = Release|Any CPU
		{9BD123B1-7D87-41C7-A04E-FE21B90192C6}.Release|x64.Build.0 = Release|Any CPU
		{9BD123B1-7D87-41C7-A04E-FE21B90192C6}.Release|x86.ActiveCfg = Release|Any CPU
		{9BD123B1-7D87-41C7-A04E-FE21B90192C6}.Release|x86.Build.0 = Release|Any CPU
		{C64A3821-2D26-4999-BD90-FD1B40D10918}.Debug|Any CPU.ActiveCfg = Debug|Any CPU
		{C64A3821-2D26-4999-BD90-FD1B40D10918}.Debug|Any CPU.Build.0 = Debug|Any CPU
		{C64A3821-2D26-4999-BD90-FD1B40D10918}.Debug|x64.ActiveCfg = Debug|Any CPU
		{C64A3821-2D26-4999-BD90-FD1B40D10918}.Debug|x64.Build.0 = Debug|Any CPU
		{C64A3821-2D26-4999-BD90-FD1B40D10918}.Debug|x86.ActiveCfg = Debug|Any CPU
		{C64A3821-2D26-4999-BD90-FD1B40D10918}.Debug|x86.Build.0 = Debug|Any CPU
		{C64A3821-2D26-4999-BD90-FD1B40D10918}.Release|Any CPU.ActiveCfg = Release|Any CPU
		{C64A3821-2D26-4999-BD90-FD1B40D10918}.Release|Any CPU.Build.0 = Release|Any CPU
		{C64A3821-2D26-4999-BD90-FD1B40D10918}.Release|x64.ActiveCfg = Release|Any CPU
		{C64A3821-2D26-4999-BD90-FD1B40D10918}.Release|x64.Build.0 = Release|Any CPU
		{C64A3821-2D26-4999-BD90-FD1B40D10918}.Release|x86.ActiveCfg = Release|Any CPU
		{C64A3821-2D26-4999-BD90-FD1B40D10918}.Release|x86.Build.0 = Release|Any CPU
		{E2B88324-5DF7-4366-922C-E66AB7732506}.Debug|Any CPU.ActiveCfg = Debug|Any CPU
		{E2B88324-5DF7-4366-922C-E66AB7732506}.Debug|Any CPU.Build.0 = Debug|Any CPU
		{E2B88324-5DF7-4366-922C-E66AB7732506}.Debug|x64.ActiveCfg = Debug|Any CPU
		{E2B88324-5DF7-4366-922C-E66AB7732506}.Debug|x64.Build.0 = Debug|Any CPU
		{E2B88324-5DF7-4366-922C-E66AB7732506}.Debug|x86.ActiveCfg = Debug|Any CPU
		{E2B88324-5DF7-4366-922C-E66AB7732506}.Debug|x86.Build.0 = Debug|Any CPU
		{E2B88324-5DF7-4366-922C-E66AB7732506}.Release|Any CPU.ActiveCfg = Release|Any CPU
		{E2B88324-5DF7-4366-922C-E66AB7732506}.Release|Any CPU.Build.0 = Release|Any CPU
		{E2B88324-5DF7-4366-922C-E66AB7732506}.Release|x64.ActiveCfg = Release|Any CPU
		{E2B88324-5DF7-4366-922C-E66AB7732506}.Release|x64.Build.0 = Release|Any CPU
		{E2B88324-5DF7-4366-922C-E66AB7732506}.Release|x86.ActiveCfg = Release|Any CPU
		{E2B88324-5DF7-4366-922C-E66AB7732506}.Release|x86.Build.0 = Release|Any CPU
		{1A8C08A4-FBB9-4E35-B165-73CEC33AC16E}.Debug|Any CPU.ActiveCfg = Debug|Any CPU
		{1A8C08A4-FBB9-4E35-B165-73CEC33AC16E}.Debug|Any CPU.Build.0 = Debug|Any CPU
		{1A8C08A4-FBB9-4E35-B165-73CEC33AC16E}.Debug|x64.ActiveCfg = Debug|Any CPU
		{1A8C08A4-FBB9-4E35-B165-73CEC33AC16E}.Debug|x64.Build.0 = Debug|Any CPU
		{1A8C08A4-FBB9-4E35-B165-73CEC33AC16E}.Debug|x86.ActiveCfg = Debug|Any CPU
		{1A8C08A4-FBB9-4E35-B165-73CEC33AC16E}.Debug|x86.Build.0 = Debug|Any CPU
		{1A8C08A4-FBB9-4E35-B165-73CEC33AC16E}.Release|Any CPU.ActiveCfg = Release|Any CPU
		{1A8C08A4-FBB9-4E35-B165-73CEC33AC16E}.Release|Any CPU.Build.0 = Release|Any CPU
		{1A8C08A4-FBB9-4E35-B165-73CEC33AC16E}.Release|x64.ActiveCfg = Release|Any CPU
		{1A8C08A4-FBB9-4E35-B165-73CEC33AC16E}.Release|x64.Build.0 = Release|Any CPU
		{1A8C08A4-FBB9-4E35-B165-73CEC33AC16E}.Release|x86.ActiveCfg = Release|Any CPU
		{1A8C08A4-FBB9-4E35-B165-73CEC33AC16E}.Release|x86.Build.0 = Release|Any CPU
		{C49F2291-DB58-4E84-905D-3AB7547F6079}.Debug|Any CPU.ActiveCfg = Debug|Any CPU
		{C49F2291-DB58-4E84-905D-3AB7547F6079}.Debug|Any CPU.Build.0 = Debug|Any CPU
		{C49F2291-DB58-4E84-905D-3AB7547F6079}.Debug|x64.ActiveCfg = Debug|Any CPU
		{C49F2291-DB58-4E84-905D-3AB7547F6079}.Debug|x64.Build.0 = Debug|Any CPU
		{C49F2291-DB58-4E84-905D-3AB7547F6079}.Debug|x86.ActiveCfg = Debug|Any CPU
		{C49F2291-DB58-4E84-905D-3AB7547F6079}.Debug|x86.Build.0 = Debug|Any CPU
		{C49F2291-DB58-4E84-905D-3AB7547F6079}.Release|Any CPU.ActiveCfg = Release|Any CPU
		{C49F2291-DB58-4E84-905D-3AB7547F6079}.Release|Any CPU.Build.0 = Release|Any CPU
		{C49F2291-DB58-4E84-905D-3AB7547F6079}.Release|x64.ActiveCfg = Release|Any CPU
		{C49F2291-DB58-4E84-905D-3AB7547F6079}.Release|x64.Build.0 = Release|Any CPU
		{C49F2291-DB58-4E84-905D-3AB7547F6079}.Release|x86.ActiveCfg = Release|Any CPU
		{C49F2291-DB58-4E84-905D-3AB7547F6079}.Release|x86.Build.0 = Release|Any CPU
		{091B27BF-DA28-486A-B053-346CD88EDB84}.Debug|Any CPU.ActiveCfg = Debug|Any CPU
		{091B27BF-DA28-486A-B053-346CD88EDB84}.Debug|Any CPU.Build.0 = Debug|Any CPU
		{091B27BF-DA28-486A-B053-346CD88EDB84}.Debug|x64.ActiveCfg = Debug|Any CPU
		{091B27BF-DA28-486A-B053-346CD88EDB84}.Debug|x64.Build.0 = Debug|Any CPU
		{091B27BF-DA28-486A-B053-346CD88EDB84}.Debug|x86.ActiveCfg = Debug|Any CPU
		{091B27BF-DA28-486A-B053-346CD88EDB84}.Debug|x86.Build.0 = Debug|Any CPU
		{091B27BF-DA28-486A-B053-346CD88EDB84}.Release|Any CPU.ActiveCfg = Release|Any CPU
		{091B27BF-DA28-486A-B053-346CD88EDB84}.Release|Any CPU.Build.0 = Release|Any CPU
		{091B27BF-DA28-486A-B053-346CD88EDB84}.Release|x64.ActiveCfg = Release|Any CPU
		{091B27BF-DA28-486A-B053-346CD88EDB84}.Release|x64.Build.0 = Release|Any CPU
		{091B27BF-DA28-486A-B053-346CD88EDB84}.Release|x86.ActiveCfg = Release|Any CPU
		{091B27BF-DA28-486A-B053-346CD88EDB84}.Release|x86.Build.0 = Release|Any CPU
		{6F14122A-E8C3-47C7-B4E2-8C16C1819276}.Debug|Any CPU.ActiveCfg = Debug|Any CPU
		{6F14122A-E8C3-47C7-B4E2-8C16C1819276}.Debug|Any CPU.Build.0 = Debug|Any CPU
		{6F14122A-E8C3-47C7-B4E2-8C16C1819276}.Debug|x64.ActiveCfg = Debug|Any CPU
		{6F14122A-E8C3-47C7-B4E2-8C16C1819276}.Debug|x64.Build.0 = Debug|Any CPU
		{6F14122A-E8C3-47C7-B4E2-8C16C1819276}.Debug|x86.ActiveCfg = Debug|Any CPU
		{6F14122A-E8C3-47C7-B4E2-8C16C1819276}.Debug|x86.Build.0 = Debug|Any CPU
		{6F14122A-E8C3-47C7-B4E2-8C16C1819276}.Release|Any CPU.ActiveCfg = Release|Any CPU
		{6F14122A-E8C3-47C7-B4E2-8C16C1819276}.Release|Any CPU.Build.0 = Release|Any CPU
		{6F14122A-E8C3-47C7-B4E2-8C16C1819276}.Release|x64.ActiveCfg = Release|Any CPU
		{6F14122A-E8C3-47C7-B4E2-8C16C1819276}.Release|x64.Build.0 = Release|Any CPU
		{6F14122A-E8C3-47C7-B4E2-8C16C1819276}.Release|x86.ActiveCfg = Release|Any CPU
		{6F14122A-E8C3-47C7-B4E2-8C16C1819276}.Release|x86.Build.0 = Release|Any CPU
		{6F41AF57-3D99-4B96-9164-96495CD87928}.Debug|Any CPU.ActiveCfg = Debug|Any CPU
		{6F41AF57-3D99-4B96-9164-96495CD87928}.Debug|Any CPU.Build.0 = Debug|Any CPU
		{6F41AF57-3D99-4B96-9164-96495CD87928}.Debug|x64.ActiveCfg = Debug|Any CPU
		{6F41AF57-3D99-4B96-9164-96495CD87928}.Debug|x64.Build.0 = Debug|Any CPU
		{6F41AF57-3D99-4B96-9164-96495CD87928}.Debug|x86.ActiveCfg = Debug|Any CPU
		{6F41AF57-3D99-4B96-9164-96495CD87928}.Debug|x86.Build.0 = Debug|Any CPU
		{6F41AF57-3D99-4B96-9164-96495CD87928}.Release|Any CPU.ActiveCfg = Release|Any CPU
		{6F41AF57-3D99-4B96-9164-96495CD87928}.Release|Any CPU.Build.0 = Release|Any CPU
		{6F41AF57-3D99-4B96-9164-96495CD87928}.Release|x64.ActiveCfg = Release|Any CPU
		{6F41AF57-3D99-4B96-9164-96495CD87928}.Release|x64.Build.0 = Release|Any CPU
		{6F41AF57-3D99-4B96-9164-96495CD87928}.Release|x86.ActiveCfg = Release|Any CPU
		{6F41AF57-3D99-4B96-9164-96495CD87928}.Release|x86.Build.0 = Release|Any CPU
		{8E42B7CD-D52C-4DCE-8ED7-8ED517AEDC89}.Debug|Any CPU.ActiveCfg = Debug|Any CPU
		{8E42B7CD-D52C-4DCE-8ED7-8ED517AEDC89}.Debug|Any CPU.Build.0 = Debug|Any CPU
		{8E42B7CD-D52C-4DCE-8ED7-8ED517AEDC89}.Debug|x64.ActiveCfg = Debug|Any CPU
		{8E42B7CD-D52C-4DCE-8ED7-8ED517AEDC89}.Debug|x64.Build.0 = Debug|Any CPU
		{8E42B7CD-D52C-4DCE-8ED7-8ED517AEDC89}.Debug|x86.ActiveCfg = Debug|Any CPU
		{8E42B7CD-D52C-4DCE-8ED7-8ED517AEDC89}.Debug|x86.Build.0 = Debug|Any CPU
		{8E42B7CD-D52C-4DCE-8ED7-8ED517AEDC89}.Release|Any CPU.ActiveCfg = Release|Any CPU
		{8E42B7CD-D52C-4DCE-8ED7-8ED517AEDC89}.Release|Any CPU.Build.0 = Release|Any CPU
		{8E42B7CD-D52C-4DCE-8ED7-8ED517AEDC89}.Release|x64.ActiveCfg = Release|Any CPU
		{8E42B7CD-D52C-4DCE-8ED7-8ED517AEDC89}.Release|x64.Build.0 = Release|Any CPU
		{8E42B7CD-D52C-4DCE-8ED7-8ED517AEDC89}.Release|x86.ActiveCfg = Release|Any CPU
		{8E42B7CD-D52C-4DCE-8ED7-8ED517AEDC89}.Release|x86.Build.0 = Release|Any CPU
		{B9F9C6D8-3E5F-4F0B-9C4D-2E6F7G8C9D0E}.Debug|Any CPU.ActiveCfg = Debug|Any CPU
		{B9F9C6D8-3E5F-4F0B-9C4D-2E6F7G8C9D0E}.Debug|Any CPU.Build.0 = Debug|Any CPU
		{B9F9C6D8-3E5F-4F0B-9C4D-2E6F7G8C9D0E}.Debug|x64.ActiveCfg = Debug|Any CPU
		{B9F9C6D8-3E5F-4F0B-9C4D-2E6F7G8C9D0E}.Debug|x64.Build.0 = Debug|Any CPU
		{B9F9C6D8-3E5F-4F0B-9C4D-2E6F7G8C9D0E}.Debug|x86.ActiveCfg = Debug|Any CPU
		{B9F9C6D8-3E5F-4F0B-9C4D-2E6F7G8C9D0E}.Debug|x86.Build.0 = Debug|Any CPU
		{B9F9C6D8-3E5F-4F0B-9C4D-2E6F7G8C9D0E}.Release|Any CPU.ActiveCfg = Release|Any CPU
		{B9F9C6D8-3E5F-4F0B-9C4D-2E6F7G8C9D0E}.Release|Any CPU.Build.0 = Release|Any CPU
		{B9F9C6D8-3E5F-4F0B-9C4D-2E6F7G8C9D0E}.Release|x64.ActiveCfg = Release|Any CPU
		{B9F9C6D8-3E5F-4F0B-9C4D-2E6F7G8C9D0E}.Release|x64.Build.0 = Release|Any CPU
		{B9F9C6D8-3E5F-4F0B-9C4D-2E6F7G8C9D0E}.Release|x86.ActiveCfg = Release|Any CPU
		{B9F9C6D8-3E5F-4F0B-9C4D-2E6F7G8C9D0E}.Release|x86.Build.0 = Release|Any CPU
		{C0G0D7E9-4F6G-5G1C-0D5E-3F7G8H9D1F0G}.Debug|Any CPU.ActiveCfg = Debug|Any CPU
		{C0G0D7E9-4F6G-5G1C-0D5E-3F7G8H9D1F0G}.Debug|Any CPU.Build.0 = Debug|Any CPU
		{C0G0D7E9-4F6G-5G1C-0D5E-3F7G8H9D1F0G}.Debug|x64.ActiveCfg = Debug|Any CPU
		{C0G0D7E9-4F6G-5G1C-0D5E-3F7G8H9D1F0G}.Debug|x64.Build.0 = Debug|Any CPU
		{C0G0D7E9-4F6G-5G1C-0D5E-3F7G8H9D1F0G}.Debug|x86.ActiveCfg = Debug|Any CPU
		{C0G0D7E9-4F6G-5G1C-0D5E-3F7G8H9D1F0G}.Debug|x86.Build.0 = Debug|Any CPU
		{C0G0D7E9-4F6G-5G1C-0D5E-3F7G8H9D1F0G}.Release|Any CPU.ActiveCfg = Release|Any CPU
		{C0G0D7E9-4F6G-5G1C-0D5E-3F7G8H9D1F0G}.Release|Any CPU.Build.0 = Release|Any CPU
		{C0G0D7E9-4F6G-5G1C-0D5E-3F7G8H9D1F0G}.Release|x64.ActiveCfg = Release|Any CPU
		{C0G0D7E9-4F6G-5G1C-0D5E-3F7G8H9D1F0G}.Release|x64.Build.0 = Release|Any CPU
		{C0G0D7E9-4F6G-5G1C-0D5E-3F7G8H9D1F0G}.Release|x86.ActiveCfg = Release|Any CPU
		{C0G0D7E9-4F6G-5G1C-0D5E-3F7G8H9D1F0G}.Release|x86.Build.0 = Release|Any CPU
		{D1H1E8F0-5G7H-6H2D-1E6F-4G8H9I0E2G1H}.Debug|Any CPU.ActiveCfg = Debug|Any CPU
		{D1H1E8F0-5G7H-6H2D-1E6F-4G8H9I0E2G1H}.Debug|Any CPU.Build.0 = Debug|Any CPU
		{D1H1E8F0-5G7H-6H2D-1E6F-4G8H9I0E2G1H}.Debug|x64.ActiveCfg = Debug|Any CPU
		{D1H1E8F0-5G7H-6H2D-1E6F-4G8H9I0E2G1H}.Debug|x64.Build.0 = Debug|Any CPU
		{D1H1E8F0-5G7H-6H2D-1E6F-4G8H9I0E2G1H}.Debug|x86.ActiveCfg = Debug|Any CPU
		{D1H1E8F0-5G7H-6H2D-1E6F-4G8H9I0E2G1H}.Debug|x86.Build.0 = Debug|Any CPU
		{D1H1E8F0-5G7H-6H2D-1E6F-4G8H9I0E2G1H}.Release|Any CPU.ActiveCfg = Release|Any CPU
		{D1H1E8F0-5G7H-6H2D-1E6F-4G8H9I0E2G1H}.Release|Any CPU.Build.0 = Release|Any CPU
		{D1H1E8F0-5G7H-6H2D-1E6F-4G8H9I0E2G1H}.Release|x64.ActiveCfg = Release|Any CPU
		{D1H1E8F0-5G7H-6H2D-1E6F-4G8H9I0E2G1H}.Release|x64.Build.0 = Release|Any CPU
		{D1H1E8F0-5G7H-6H2D-1E6F-4G8H9I0E2G1H}.Release|x86.ActiveCfg = Release|Any CPU
		{D1H1E8F0-5G7H-6H2D-1E6F-4G8H9I0E2G1H}.Release|x86.Build.0 = Release|Any CPU
	EndGlobalSection
	GlobalSection(SolutionProperties) = preSolution
		HideSolutionNode = FALSE
	EndGlobalSection
	GlobalSection(NestedProjects) = preSolution
		{A1EDFA16-C727-4F88-815B-4F24D14F71F0} = {1787FE1D-075E-9E68-7218-25F1BD1BBEAB}
		{94B043E8-FD9F-439D-9108-58656FA55EC0} = {1787FE1D-075E-9E68-7218-25F1BD1BBEAB}
		{4697F5BD-3643-4563-BF32-1F5D03CBAB2E} = {1787FE1D-075E-9E68-7218-25F1BD1BBEAB}
		{8B749B55-78E7-4AFF-B8F0-F49655758C31} = {1787FE1D-075E-9E68-7218-25F1BD1BBEAB}
		{75D81748-DEED-436B-877C-7A0DB5F358BF} = {1787FE1D-075E-9E68-7218-25F1BD1BBEAB}
		{1339F773-3836-4E88-8978-958DAAD01B6C} = {1787FE1D-075E-9E68-7218-25F1BD1BBEAB}
		{F75E4115-6F90-411E-B928-ACB6467A7908} = {1787FE1D-075E-9E68-7218-25F1BD1BBEAB}
		{EFD9E672-03EB-4585-ABBF-3741667E6EE1} = {1787FE1D-075E-9E68-7218-25F1BD1BBEAB}
		{2F73A6D5-5363-4288-81F0-848B4AF5C5EB} = {1787FE1D-075E-9E68-7218-25F1BD1BBEAB}
		{174227B5-6EED-4E8A-8B96-5B1457B46D1D} = {1787FE1D-075E-9E68-7218-25F1BD1BBEAB}
		{445002EC-800B-451A-88E8-87C68B276223} = {1787FE1D-075E-9E68-7218-25F1BD1BBEAB}
		{B9F9C6D8-3E5F-4F0B-9C4D-2E6F7G8C9D0E} = {1787FE1D-075E-9E68-7218-25F1BD1BBEAB}
		{C0G0D7E9-4F6G-5G1C-0D5E-3F7G8H9D1F0G} = {8E42B7CD-D52C-4DCE-8ED7-8ED517AEDC89}
		{D1H1E8F0-5G7H-6H2D-1E6F-4G8H9I0E2G1H} = {1787FE1D-075E-9E68-7218-25F1BD1BBEAB}
		{9BD123B1-7D87-41C7-A04E-FE21B90192C6} = {6C4D298B-81FB-2B6B-5AB6-46205EDDC72C}
		{C64A3821-2D26-4999-BD90-FD1B40D10918} = {6C4D298B-81FB-2B6B-5AB6-46205EDDC72C}
		{E2B88324-5DF7-4366-922C-E66AB7732506} = {6C4D298B-81FB-2B6B-5AB6-46205EDDC72C}
		{1A8C08A4-FBB9-4E35-B165-73CEC33AC16E} = {6C4D298B-81FB-2B6B-5AB6-46205EDDC72C}
		{C49F2291-DB58-4E84-905D-3AB7547F6079} = {6C4D298B-81FB-2B6B-5AB6-46205EDDC72C}
		{091B27BF-DA28-486A-B053-346CD88EDB84} = {6C4D298B-81FB-2B6B-5AB6-46205EDDC72C}
		{6F14122A-E8C3-47C7-B4E2-8C16C1819276} = {0AB3BF05-4346-4AA6-1389-037BE0695223}
		{6F41AF57-3D99-4B96-9164-96495CD87928} = {0AB3BF05-4346-4AA6-1389-037BE0695223}
		{8E42B7CD-D52C-4DCE-8ED7-8ED517AEDC89} = {0AB3BF05-4346-4AA6-1389-037BE0695223}
	EndGlobalSection
EndGlobal
